
Microsoft Visual Studio Solution File, Format Version 12.00
# Visual Studio Version 16
VisualStudioVersion = 16.0.29709.97
MinimumVisualStudioVersion = 10.0.40219.1
Project("{FAE04EC0-301F-11D3-BF4B-00C04F79EFBC}") = "MDK_13_01_Chernov", "MDK_13_01_Chernov.csproj", "{9C7F9578-9254-4658-A386-5E05B37C16D3}"
EndProject
Global
	GlobalSection(SolutionConfigurationPlatforms) = preSolution
		Debug|Any CPU = Debug|Any CPU
		Release|Any CPU = Release|Any CPU
	EndGlobalSection
	GlobalSection(ProjectConfigurationPlatforms) = postSolution
		{9C7F9578-9254-4658-A386-5E05B37C16D3}.Debug|Any CPU.ActiveCfg = Debug|Any CPU
		{9C7F9578-9254-4658-A386-5E05B37C16D3}.Debug|Any CPU.Build.0 = Debug|Any CPU
		{9C7F9578-9254-4658-A386-5E05B37C16D3}.Release|Any CPU.ActiveCfg = Release|Any CPU
		{9C7F9578-9254-4658-A386-5E05B37C16D3}.Release|Any CPU.Build.0 = Release|Any CPU
	EndGlobalSection
	GlobalSection(SolutionProperties) = preSolution
		HideSolutionNode = FALSE
	EndGlobalSection
	GlobalSection(ExtensibilityGlobals) = postSolution
		SolutionGuid = {727EA8AD-0E9C-4FB4-A9EB-221FA2863143}
	EndGlobalSection
EndGlobal
